{
  "name": "simple-img-spider",
  "version": "1.0.0",
  "lockfileVersion": 1,
  "requires": true,
  "dependencies": {
    "@sindresorhus/is": {
      "version": "3.1.2",
      "resolved": "http://registry.npm.baidu-int.com/@sindresorhus%2fis/-/is-3.1.2.tgz",
      "integrity": "sha1-VIZQ3lIbNE43gfvbDs5Kpvcpr7g="
    },
    "@szmarczak/http-timer": {
      "version": "4.0.5",
      "resolved": "http://registry.npm.baidu-int.com/@szmarczak%2fhttp-timer/-/http-timer-4.0.5.tgz",
      "integrity": "sha1-v71QIR6d+lG6B9pYoUzf0zMgUVI=",
      "requires": {
        "defer-to-connect": "^2.0.0"
      }
    },
    "@types/cacheable-request": {
      "version": "6.0.1",
      "resolved": "http://registry.npm.baidu-int.com/@types%2fcacheable-request/-/cacheable-request-6.0.1.tgz",
      "integrity": "sha1-XSLz3e0f06hMC761A5p0GcLJGXY=",
      "requires": {
        "@types/http-cache-semantics": "*",
        "@types/keyv": "*",
        "@types/node": "*",
        "@types/responselike": "*"
      }
    },
    "@types/http-cache-semantics": {
      "version": "4.0.0",
      "resolved": "http://registry.npm.baidu-int.com/@types%2fhttp-cache-semantics/-/http-cache-semantics-4.0.0.tgz",
      "integrity": "sha1-kUB3lzaqJlVjXudW4kZ9eHz+iio="
    },
    "@types/keyv": {
      "version": "3.1.1",
      "resolved": "http://registry.npm.baidu-int.com/@types%2fkeyv/-/keyv-3.1.1.tgz",
      "integrity": "sha1-5FpFMk/KnatxarEjDuJJyftSz6c=",
      "requires": {
        "@types/node": "*"
      }
    },
    "@types/node": {
      "version": "14.11.2",
      "resolved": "http://registry.npm.baidu-int.com/@types%2fnode/-/node-14.11.2.tgz",
      "integrity": "sha1-LeHtZnBDk4faHJ9UmireKwp5klY="
    },
    "@types/responselike": {
      "version": "1.0.0",
      "resolved": "http://registry.npm.baidu-int.com/@types%2fresponselike/-/responselike-1.0.0.tgz",
      "integrity": "sha1-JR9P59FU0rrRJavhtCmyOv0mLik=",
      "requires": {
        "@types/node": "*"
      }
    },
    "boolbase": {
      "version": "1.0.0",
      "resolved": "http://registry.npm.baidu-int.com/boolbase/-/boolbase-1.0.0.tgz",
      "integrity": "sha1-aN/1++YMUes3cl6p4+0xDcwed24="
    },
    "cacheable-lookup": {
      "version": "5.0.3",
      "resolved": "http://registry.npm.baidu-int.com/cacheable-lookup/-/cacheable-lookup-5.0.3.tgz",
      "integrity": "sha1-BJ/cWd/91PwoXo9PgpNlkb1Z/sM="
    },
    "cacheable-request": {
      "version": "7.0.1",
      "resolved": "http://registry.npm.baidu-int.com/cacheable-request/-/cacheable-request-7.0.1.tgz",
      "integrity": "sha1-BiAxwoViMngu1pSiV/o12pOUKlg=",
      "requires": {
        "clone-response": "^1.0.2",
        "get-stream": "^5.1.0",
        "http-cache-semantics": "^4.0.0",
        "keyv": "^4.0.0",
        "lowercase-keys": "^2.0.0",
        "normalize-url": "^4.1.0",
        "responselike": "^2.0.0"
      }
    },
    "cheerio": {
      "version": "1.0.0-rc.3",
      "resolved": "http://registry.npm.baidu-int.com/cheerio/-/cheerio-1.0.0-rc.3.tgz",
      "integrity": "sha1-CUY21CWy6cD065GkbAVjDJoai/Y=",
      "requires": {
        "css-select": "~1.2.0",
        "dom-serializer": "~0.1.1",
        "entities": "~1.1.1",
        "htmlparser2": "^3.9.1",
        "lodash": "^4.15.0",
        "parse5": "^3.0.1"
      }
    },
    "clone-response": {
      "version": "1.0.2",
      "resolved": "http://registry.npm.baidu-int.com/clone-response/-/clone-response-1.0.2.tgz",
      "integrity": "sha1-0dyXOSAxTfZ/vrlCI7TuNQI56Ws=",
      "requires": {
        "mimic-response": "^1.0.0"
      }
    },
    "css-select": {
      "version": "1.2.0",
      "resolved": "http://registry.npm.baidu-int.com/css-select/-/css-select-1.2.0.tgz",
      "integrity": "sha1-KzoRBTnFNV8c2NMUYj6HCxIeyFg=",
      "requires": {
        "boolbase": "~1.0.0",
        "css-what": "2.1",
        "domutils": "1.5.1",
        "nth-check": "~1.0.1"
      }
    },
    "css-what": {
      "version": "2.1.3",
      "resolved": "http://registry.npm.baidu-int.com/css-what/-/css-what-2.1.3.tgz",
      "integrity": "sha1-ptdgRXM2X+dGhsPzEcVlE9iChfI="
    },
    "decompress-response": {
      "version": "6.0.0",
      "resolved": "http://registry.npm.baidu-int.com/decompress-response/-/decompress-response-6.0.0.tgz",
      "integrity": "sha1-yjh2Et234QS9FthaqwDV7PCcZvw=",
      "requires": {
        "mimic-response": "^3.1.0"
      },
      "dependencies": {
        "mimic-response": {
          "version": "3.1.0",
          "resolved": "http://registry.npm.baidu-int.com/mimic-response/-/mimic-response-3.1.0.tgz",
          "integrity": "sha1-LR1Zr5wbEpgVrMwsRqAipc4fo8k="
        }
      }
    },
    "defer-to-connect": {
      "version": "2.0.0",
      "resolved": "http://registry.npm.baidu-int.com/defer-to-connect/-/defer-to-connect-2.0.0.tgz",
      "integrity": "sha1-g9axmdsEFZOshNeBtSIjCMz0wsE="
    },
    "dom-serializer": {
      "version": "0.1.1",
      "resolved": "http://registry.npm.baidu-int.com/dom-serializer/-/dom-serializer-0.1.1.tgz",
      "integrity": "sha1-HsQFnihLq+027sKUHUqXChic58A=",
      "requires": {
        "domelementtype": "^1.3.0",
        "entities": "^1.1.1"
      }
    },
    "domelementtype": {
      "version": "1.3.1",
      "resolved": "http://registry.npm.baidu-int.com/domelementtype/-/domelementtype-1.3.1.tgz",
      "integrity": "sha1-0EjESzew0Qp/Kj1f7j9DM9eQSB8="
    },
    "domhandler": {
      "version": "2.4.2",
      "resolved": "http://registry.npm.baidu-int.com/domhandler/-/domhandler-2.4.2.tgz",
      "integrity": "sha512-JiK04h0Ht5u/80fdLMCEmV4zkNh2BcoMFBmZ/91WtYZ8qVXSKjiw7fXMgFPnHcSZgOo3XdinHvmnDUeMf5R4wA==",
      "requires": {
        "domelementtype": "1"
      }
    },
    "domutils": {
      "version": "1.5.1",
      "resolved": "http://registry.npm.baidu-int.com/domutils/-/domutils-1.5.1.tgz",
      "integrity": "sha1-3NhIiib1Y9YQeeSMn3t+Mjc2gs8=",
      "requires": {
        "dom-serializer": "0",
        "domelementtype": "1"
      }
    },
    "end-of-stream": {
      "version": "1.4.4",
      "resolved": "http://registry.npm.baidu-int.com/end-of-stream/-/end-of-stream-1.4.4.tgz",
      "integrity": "sha512-+uw1inIHVPQoaVuHzRyXd21icM+cnt4CzD5rW+NC1wjOUSTOs+Te7FOv7AhN7vS9x/oIyhLP5PR1H+phQAHu5Q==",
      "requires": {
        "once": "^1.4.0"
      }
    },
    "entities": {
      "version": "1.1.2",
      "resolved": "http://registry.npm.baidu-int.com/entities/-/entities-1.1.2.tgz",
      "integrity": "sha512-f2LZMYl1Fzu7YSBKg+RoROelpOaNrcGmE9AZubeDfrCEia483oW4MI4VyFd5VNHIgQ/7qm1I0wUHK1eJnn2y2w=="
    },
    "get-stream": {
      "version": "5.2.0",
      "resolved": "http://registry.npm.baidu-int.com/get-stream/-/get-stream-5.2.0.tgz",
      "integrity": "sha1-SWaheV7lrOZecGxLe+txJX1uItM=",
      "requires": {
        "pump": "^3.0.0"
      }
    },
    "got": {
      "version": "11.7.0",
      "resolved": "http://registry.npm.baidu-int.com/got/-/got-11.7.0.tgz",
      "integrity": "sha1-o4Y2AwVXGnRUiHLmdJMrTvcNOyQ=",
      "requires": {
        "@sindresorhus/is": "^3.1.1",
        "@szmarczak/http-timer": "^4.0.5",
        "@types/cacheable-request": "^6.0.1",
        "@types/responselike": "^1.0.0",
        "cacheable-lookup": "^5.0.3",
        "cacheable-request": "^7.0.1",
        "decompress-response": "^6.0.0",
        "http2-wrapper": "^1.0.0-beta.5.2",
        "lowercase-keys": "^2.0.0",
        "p-cancelable": "^2.0.0",
        "responselike": "^2.0.0"
      }
    },
    "htmlparser2": {
      "version": "3.10.1",
      "resolved": "http://registry.npm.baidu-int.com/htmlparser2/-/htmlparser2-3.10.1.tgz",
      "integrity": "sha1-vWedw/WYl7ajS7EHSchVu1OpOS8=",
      "requires": {
        "domelementtype": "^1.3.1",
        "domhandler": "^2.3.0",
        "domutils": "^1.5.1",
        "entities": "^1.1.1",
        "inherits": "^2.0.1",
        "readable-stream": "^3.1.1"
      }
    },
    "http-cache-semantics": {
      "version": "4.1.0",
      "resolved": "http://registry.npm.baidu-int.com/http-cache-semantics/-/http-cache-semantics-4.1.0.tgz",
      "integrity": "sha1-SekcXL82yblLz81xwj1SSex045A="
    },
    "http2-wrapper": {
      "version": "1.0.0-beta.5.2",
      "resolved": "http://registry.npm.baidu-int.com/http2-wrapper/-/http2-wrapper-1.0.0-beta.5.2.tgz",
      "integrity": "sha1-i5I965AUSuplz4NLAWo0D8mFVvM=",
      "requires": {
        "quick-lru": "^5.1.1",
        "resolve-alpn": "^1.0.0"
      }
    },
    "inherits": {
      "version": "2.0.4",
      "resolved": "http://registry.npm.baidu-int.com/inherits/-/inherits-2.0.4.tgz",
      "integrity": "sha512-k/vGaX4/Yla3WzyMCvTQOXYeIHvqOKtnqBduzTHpzpQZzAskKMhZ2K+EnBiSM9zGSoIFeMpXKxa4dYeZIQqewQ=="
    },
    "json-buffer": {
      "version": "3.0.1",
      "resolved": "http://registry.npm.baidu-int.com/json-buffer/-/json-buffer-3.0.1.tgz",
      "integrity": "sha512-4bV5BfR2mqfQTJm+V5tPPdf+ZpuhiIvTuAB5g8kcrXOZpTT/QwwVRWBywX1ozr6lEuPdbHxwaJlm9G6mI2sfSQ=="
    },
    "keyv": {
      "version": "4.0.3",
      "resolved": "http://registry.npm.baidu-int.com/keyv/-/keyv-4.0.3.tgz",
      "integrity": "sha1-TzqpjeJUgDyvzSiWc0EI2qNeQlQ=",
      "requires": {
        "json-buffer": "3.0.1"
      }
    },
    "lodash": {
      "version": "4.17.20",
      "resolved": "http://registry.npm.baidu-int.com/lodash/-/lodash-4.17.20.tgz",
      "integrity": "sha1-tEqbYpe8tpjxxRo1RaKzs2jVnFI="
    },
    "lowercase-keys": {
      "version": "2.0.0",
      "resolved": "http://registry.npm.baidu-int.com/lowercase-keys/-/lowercase-keys-2.0.0.tgz",
      "integrity": "sha1-JgPni3tLAAbLyi+8yKMgJVislHk="
    },
    "mimic-response": {
      "version": "1.0.1",
      "resolved": "http://registry.npm.baidu-int.com/mimic-response/-/mimic-response-1.0.1.tgz",
      "integrity": "sha512-j5EctnkH7amfV/q5Hgmoal1g2QHFJRraOtmx0JpIqkxhBhI/lJSl1nMpQ45hVarwNETOoWEimndZ4QK0RHxuxQ=="
    },
    "normalize-url": {
      "version": "4.5.0",
      "resolved": "http://registry.npm.baidu-int.com/normalize-url/-/normalize-url-4.5.0.tgz",
      "integrity": "sha512-2s47yzUxdexf1OhyRi4Em83iQk0aPvwTddtFz4hnSSw9dCEsLEGf6SwIO8ss/19S9iBb5sJaOuTvTGDeZI00BQ=="
    },
    "nth-check": {
      "version": "1.0.2",
      "resolved": "http://registry.npm.baidu-int.com/nth-check/-/nth-check-1.0.2.tgz",
      "integrity": "sha512-WeBOdju8SnzPN5vTUJYxYUxLeXpCaVP5i5e0LF8fg7WORF2Wd7wFX/pk0tYZk7s8T+J7VLy0Da6J1+wCT0AtHg==",
      "requires": {
        "boolbase": "~1.0.0"
      }
    },
    "once": {
      "version": "1.4.0",
      "resolved": "http://registry.npm.baidu-int.com/once/-/once-1.4.0.tgz",
      "integrity": "sha1-WDsap3WWHUsROsF9nFC6753Xa9E=",
      "requires": {
        "wrappy": "1"
      }
    },
    "p-cancelable": {
      "version": "2.0.0",
      "resolved": "http://registry.npm.baidu-int.com/p-cancelable/-/p-cancelable-2.0.0.tgz",
      "integrity": "sha1-SjdA9b2vXtXXw+NIgsb7XWsmam4="
    },
    "parse5": {
      "version": "3.0.3",
      "resolved": "http://registry.npm.baidu-int.com/parse5/-/parse5-3.0.3.tgz",
      "integrity": "sha1-BC95L/3TaFFVHPTp4Gazh0q0W1w=",
      "requires": {
        "@types/node": "*"
      }
    },
    "pump": {
      "version": "3.0.0",
      "resolved": "http://registry.npm.baidu-int.com/pump/-/pump-3.0.0.tgz",
      "integrity": "sha1-tKIRaBW94vTh6mAjVOjHVWUQemQ=",
      "requires": {
        "end-of-stream": "^1.1.0",
        "once": "^1.3.1"
      }
    },
    "quick-lru": {
      "version": "5.1.1",
      "resolved": "http://registry.npm.baidu-int.com/quick-lru/-/quick-lru-5.1.1.tgz",
      "integrity": "sha1-NmST5rPkKjpoheLpnRj4D7eoyTI="
    },
    "readable-stream": {
      "version": "3.6.0",
      "resolved": "http://registry.npm.baidu-int.com/readable-stream/-/readable-stream-3.6.0.tgz",
      "integrity": "sha1-M3u9o63AcGvT4CRCaihtS0sskZg=",
      "requires": {
        "inherits": "^2.0.3",
        "string_decoder": "^1.1.1",
        "util-deprecate": "^1.0.1"
      }
    },
    "resolve-alpn": {
      "version": "1.0.0",
      "resolved": "http://registry.npm.baidu-int.com/resolve-alpn/-/resolve-alpn-1.0.0.tgz",
      "integrity": "sha1-dFrWCz1q/0tKSOAbjAvccJWeDow="
    },
    "responselike": {
      "version": "2.0.0",
      "resolved": "http://registry.npm.baidu-int.com/responselike/-/responselike-2.0.0.tgz",
      "integrity": "sha512-xH48u3FTB9VsZw7R+vvgaKeLKzT6jOogbQhEe/jewwnZgzPcnyWui2Av6JpoYZF/91uueC+lqhWqeURw5/qhCw==",
      "requires": {
        "lowercase-keys": "^2.0.0"
      }
    },
    "safe-buffer": {
      "version": "5.2.1",
      "resolved": "http://registry.npm.baidu-int.com/safe-buffer/-/safe-buffer-5.2.1.tgz",
      "integrity": "sha1-Hq+fqb2x/dTsdfWPnNtOa3gn7sY="
    },
    "string_decoder": {
      "version": "1.3.0",
      "resolved": "http://registry.npm.baidu-int.com/string_decoder/-/string_decoder-1.3.0.tgz",
      "integrity": "sha512-hkRX8U1WjJFd8LsDJ2yQ/wWWxaopEsABU1XfkM8A+j0+85JAGppt16cr1Whg6KIbb4okU6Mql6BOj+uup/wKeA==",
      "requires": {
        "safe-buffer": "~5.2.0"
      }
    },
    "util-deprecate": {
      "version": "1.0.2",
      "resolved": "http://registry.npm.baidu-int.com/util-deprecate/-/util-deprecate-1.0.2.tgz",
      "integrity": "sha1-RQ1Nyfpw3nMnYvvS1KKJgUGaDM8="
    },
    "wrappy": {
      "version": "1.0.2",
      "resolved": "http://registry.npm.baidu-int.com/wrappy/-/wrappy-1.0.2.tgz",
      "integrity": "sha1-tSQ9jz7BqjXxNkYFvA0QNuMKtp8="
    }
  }
}
